version = 1
revision = 3
requires-python = ">=3.14.6"

[[package]]
name = "colorama"
version = "0.4.6"
source = { registry = "https://pypi.org/simple" }
sdist = { url = "https://files.pythonhosted.org/packages/d8/53/6f443c9a4a8358a93a6792e2acffb9d9d5cb0a5cfd8802644b7b1c9a02e4/colorama-0.4.6.tar.gz", hash = "sha256:08695f5cb7ed6e0531a20572697297273c47b8cae5a63ffc6d6ed5c201be6e44", size = 27697, upload-time = "2022-10-25T02:36:22.414Z" }
wheels = [
    { url = "https://files.pythonhosted.org/packages/d1/d6/3965ed04c63042e047cb6a3e6ed1a63a35087b6a609aa3a15ed8ac56c221/colorama-0.4.6-py2.py3-none-any.whl", hash = "sha256:4f1d9991f5acc0ca119f9d443620b77f9d6b33703e51011c16baf57afb285fc6", size = 25335, upload-time = "2022-10-25T02:36:20.889Z" },
]

[[package]]
name = "iniconfig"
version = "2.3.0"
source = { registry = "https://pypi.org/simple" }
sdist = { url = "https://files.pythonhosted.org/packages/72/34/14ca021ce8e5dfedc35312d08ba8bf51fdd999c576889fc2c24cb97f4f10/iniconfig-2.3.0.tar.gz", hash = "sha256:c76315c77db068650d49c5b56314774a7804df16fee4402c1f19d6d15d8c4730", size = 20503, upload-time = "2025-10-18T21:55:43.219Z" }
wheels = [
    { url = "https://files.pythonhosted.org/packages/cb/b1/3846dd7f199d53cb17f49cba7e651e9ce294d8497c8c150530ed11865bb8/iniconfig-2.3.0-py3-none-any.whl", hash = "sha256:f631c04d2c48c52b84d0d0549c99ff3859c98df65b3101406327ecc7d53fbf12", size = 7484, upload-time = "2025-10-18T21:55:41.639Z" },
]

[[package]]
name = "lark"
version = "1.3.1"
source = { registry = "https://pypi.org/simple" }
sdist = { url = "https://files.pythonhosted.org/packages/da/34/28fff3ab31ccff1fd4f6c7c7b0ceb2b6968d8ea4950663eadcb5720591a0/lark-1.3.1.tar.gz", hash = "sha256:b426a7a6d6d53189d318f2b6236ab5d6429eaf09259f1ca33eb716eed10d2905", size = 382732, upload-time = "2025-10-27T18:25:56.653Z" }
wheels = [
    { url = "https://files.pythonhosted.org/packages/82/3d/14ce75ef66813643812f3093ab17e46d3a206942ce7376d31ec2d36229e7/lark-1.3.1-py3-none-any.whl", hash = "sha256:c629b661023a014c37da873b4ff58a817398d12635d3bbb2c5a03be7fe5d1e12", size = 113151, upload-time = "2025-10-27T18:25:54.882Z" },
]

[[package]]
name = "packaging"
version = "26.2"
source = { registry = "https://pypi.org/simple" }
sdist = { url = "https://files.pythonhosted.org/packages/d7/f1/e7a6dd94a8d4a5626c03e4e99c87f241ba9e350cd9e6d75123f992427270/packaging-26.2.tar.gz", hash = "sha256:ff452ff5a3e828ce110190feff1178bb1f2ea2281fa2075aadb987c2fb221661", size = 228134, upload-time = "2026-04-24T20:15:23.917Z" }
wheels = [
    { url = "https://files.pythonhosted.org/packages/df/b2/87e62e8c3e2f4b32e5fe99e0b86d576da1312593b39f47d8ceef365e95ed/packaging-26.2-py3-none-any.whl", hash = "sha256:5fc45236b9446107ff2415ce77c807cee2862cb6fac22b8a73826d0693b0980e", size = 100195, upload-time = "2026-04-24T20:15:22.081Z" },
]

[[package]]
name = "pluggy"
version = "1.6.0"
source = { registry = "https://pypi.org/simple" }
sdist = { url = "https://files.pythonhosted.org/packages/f9/e2/3e91f31a7d2b083fe6ef3fa267035b518369d9511ffab804f839851d2779/pluggy-1.6.0.tar.gz", hash = "sha256:7dcc130b76258d33b90f61b658791dede3486c3e6bfb003ee5c9bfb396dd22f3", size = 69412, upload-time = "2025-05-15T12:30:07.975Z" }
wheels = [
    { url = "https://files.pythonhosted.org/packages/54/20/4d324d65cc6d9205fabedc306948156824eb9f0ee1633355a8f7ec5c66bf/pluggy-1.6.0-py3-none-any.whl", hash = "sha256:e920276dd6813095e9377c0bc5566d94c932c33b27a3e3945d8389c374dd4746", size = 20538, upload-time = "2025-05-15T12:30:06.134Z" },
]

[[package]]
name = "pygments"
version = "2.20.0"
source = { registry = "https://pypi.org/simple" }
sdist = { url = "https://files.pythonhosted.org/packages/c3/b2/bc9c9196916376152d655522fdcebac55e66de6603a76a02bca1b6414f6c/pygments-2.20.0.tar.gz", hash = "sha256:6757cd03768053ff99f3039c1a36d6c0aa0b263438fcab17520b30a303a82b5f", size = 4955991, upload-time = "2026-03-29T13:29:33.898Z" }
wheels = [
    { url = "https://files.pythonhosted.org/packages/f4/7e/a72dd26f3b0f4f2bf1dd8923c85f7ceb43172af56d63c7383eb62b332364/pygments-2.20.0-py3-none-any.whl", hash = "sha256:81a9e26dd42fd28a23a2d169d86d7ac03b46e2f8b59ed4698fb4785f946d0176", size = 1231151, upload-time = "2026-03-29T13:29:30.038Z" },
]

[[package]]
name = "pytest"
version = "9.1.1"
source = { registry = "https://pypi.org/simple" }
dependencies = [
    { name = "colorama", marker = "sys_platform == 'win32'" },
    { name = "iniconfig" },
    { name = "packaging" },
    { name = "pluggy" },
    { name = "pygments" },
]
sdist = { url = "https://files.pythonhosted.org/packages/e4/47/b9efed96c114afcfa3c9d3fe98a76a1d14c74a9e266d397cf6eb64be5e01/pytest-9.1.1.tar.gz", hash = "sha256:1088fbde8f2b49d95a549a195707afa7a76a3ce9bcadc26b6d71f0ffda5fe313", size = 1636369, upload-time = "2026-06-19T10:58:32.857Z" }
wheels = [
    { url = "https://files.pythonhosted.org/packages/24/25/1de2678b631f5a49215c6c96fff41ba892b0a34df68d6d80292b1b48aa7f/pytest-9.1.1-py3-none-any.whl", hash = "sha256:37a86b45efb9a47a61a36449063e8e18d0cab3161329fc099eb21783169c4f0c", size = 386536, upload-time = "2026-06-19T10:58:31.347Z" },
]

[[package]]
name = "python-hcl2"
version = "8.1.2"
source = { registry = "https://pypi.org/simple" }
dependencies = [
    { name = "lark" },
    { name = "regex" },
]
sdist = { url = "https://files.pythonhosted.org/packages/39/7b/6c9c973484a482f833a1b88ab69e078e05cc1f761af1839d5cbe7e7fad92/python_hcl2-8.1.2.tar.gz", hash = "sha256:ae809c7e6e39e8c3c3555e7b7f389082207929591fcba062c9f76afb1abe972d", size = 114685, upload-time = "2026-04-10T14:27:44.527Z" }
wheels = [
    { url = "https://files.pythonhosted.org/packages/5d/c7/10c7832ec3050a191c756f4a591c9033fbfb8e10688e979efb5c4ca4265c/python_hcl2-8.1.2-py3-none-any.whl", hash = "sha256:ac3d16dc6501d4f24db348b3a634afdfb5c10a6715b27cd105a5b77071b84ee3", size = 98951, upload-time = "2026-04-10T14:27:43.529Z" },
]

[[package]]
name = "regex"
version = "2026.6.28"
source = { registry = "https://pypi.org/simple" }
sdist = { url = "https://files.pythonhosted.org/packages/f1/05/e4f219230e11e774a6c9987d2ab0d0c6b8573e13a17e143d0015bee710ef/regex-2026.6.28.tar.gz", hash = "sha256:3cb4b6c5cb3060cc31efdc1fbb27c25fb9b29044afd87e40601a1c4d9db54342", size = 416101, upload-time = "2026-06-28T19:56:55.302Z" }
wheels = [
    { url = "https://files.pythonhosted.org/packages/3b/fb/fad3b810a5bb1e09b9e5d6913fc6ba88cab738fdf283196827a3c59a4c10/regex-2026.6.28-cp314-cp314-macosx_10_13_universal2.whl", hash = "sha256:f7c032b0c8a73739ff8ff1aaf30c281fa19c17bf7f1543256c8507390db7807c", size = 490407, upload-time = "2026-06-28T19:55:42.724Z" },
    { url = "https://files.pythonhosted.org/packages/d6/52/b8c79d12276d93e90e707e939b396034c04980caf1235312ef790f8e11fc/regex-2026.6.28-cp314-cp314-macosx_10_13_x86_64.whl", hash = "sha256:f6710f512c57b84f127a23d0f59560a03b64136eff419ae1be5ab557577fe5e3", size = 291988, upload-time = "2026-06-28T19:55:44.549Z" },
    { url = "https://files.pythonhosted.org/packages/23/d2/6a911f18279daa8d7bb8b20d771ddb6ef31fabd35f5921f9d3ba21640e80/regex-2026.6.28-cp314-cp314-macosx_11_0_arm64.whl", hash = "sha256:c0013958f427bd82509a186b9ff206d66cb8d60a81fc797a4c717afd18c5b0ba", size = 289704, upload-time = "2026-06-28T19:55:46.365Z" },
    { url = "https://files.pythonhosted.org/packages/fd/22/ad1955c47c669291a05804d53d7071cc0732dfdf166857be38003cedc2d1/regex-2026.6.28-cp314-cp314-manylinux2014_aarch64.manylinux_2_17_aarch64.manylinux_2_28_aarch64.whl", hash = "sha256:94f06cdcd6421f8e194ad312ea608020381250df9b8a57661c1b57e9e5273878", size = 797017, upload-time = "2026-06-28T19:55:48.166Z" },
    { url = "https://files.pythonhosted.org/packages/e5/67/a83159ff8703ab4d0c2cf99e76ebf289b7b4a501623241d09f88f3614f80/regex-2026.6.28-cp314-cp314-manylinux2014_ppc64le.manylinux_2_17_ppc64le.manylinux_2_28_ppc64le.whl", hash = "sha256:ec9689392f7494ff4e3f8e7e8522f9158f11023f337eaaf04a64542fc45bbf26", size = 866112, upload-time = "2026-06-28T19:55:51.047Z" },
    { url = "https://files.pythonhosted.org/packages/b9/09/7bff2d6dbbd77421b3274aa51db1c887381cbc5b6eda93598c3e882ea345/regex-2026.6.28-cp314-cp314-manylinux2014_s390x.manylinux_2_17_s390x.manylinux_2_28_s390x.whl", hash = "sha256:aa084684e6d2078bf6139e374d1fc2af5ddc1ac7122759a2db716d68169f6fd0", size = 911554, upload-time = "2026-06-28T19:55:53.707Z" },
    { url = "https://files.pythonhosted.org/packages/29/44/ae59c3826e7ba492e56795cdf74ea2a7b5b7c5ea116afb79ee4956a5dff1/regex-2026.6.28-cp314-cp314-manylinux2014_x86_64.manylinux_2_17_x86_64.manylinux_2_28_x86_64.whl", hash = "sha256:40455e6840dc4e96a6fe50f4cedc957de2752c954d91e789812be55d49be199a", size = 800665, upload-time = "2026-06-28T19:55:55.875Z" },
    { url = "https://files.pythonhosted.org/packages/d6/19/6fd033d2ab00f35d445aaeaf3307c1e721424dcbfd48f6f65c857cb939cf/regex-2026.6.28-cp314-cp314-manylinux_2_31_riscv64.manylinux_2_39_riscv64.whl", hash = "sha256:530b5c223b9ca5dd8370ac502e080aee0e4ded32be987c6564b425fb5523d581", size = 777243, upload-time = "2026-06-28T19:55:57.909Z" },
    { url = "https://files.pythonhosted.org/packages/4e/9d/99730f26df4938049ab1e652ca75e967b4c6739444e18d9707bfdb8af20c/regex-2026.6.28-cp314-cp314-musllinux_1_2_aarch64.whl", hash = "sha256:8e0ed273ecd1a89be84466c1749bfe58609cc2a32b5d5e05006c4625ba96411b", size = 785784, upload-time = "2026-06-28T19:56:00.072Z" },
    { url = "https://files.pythonhosted.org/packages/48/49/105cd57162f5fc5c04cc917a1388a060cf8427e5c14353cd9044660fbf4d/regex-2026.6.28-cp314-cp314-musllinux_1_2_ppc64le.whl", hash = "sha256:0ab0d5344311fc8e8667078942056c3b9c9b4a4b1cc99f2eb8a5af54554f4acc", size = 860914, upload-time = "2026-06-28T19:56:02.017Z" },
    { url = "https://files.pythonhosted.org/packages/a2/a5/788245a95b69018f58bff2f4fd27d007cacaea088cdb390979743f1b2571/regex-2026.6.28-cp314-cp314-musllinux_1_2_riscv64.whl", hash = "sha256:eacb79625323d9f7e7925366b917f492b8356fad58f5dc4fa12ff8c21d8f4ca9", size = 765915, upload-time = "2026-06-28T19:56:05.021Z" },
    { url = "https://files.pythonhosted.org/packages/ca/01/292065a39a004b05e67a337b18213670a7cb919d6856ac2d7df7f1a10dbb/regex-2026.6.28-cp314-cp314-musllinux_1_2_s390x.whl", hash = "sha256:20f4d87702702aa1d572721e146f301660c50eef6fd6cb596e48a22b0ace17db", size = 851404, upload-time = "2026-06-28T19:56:07.251Z" },
    { url = "https://files.pythonhosted.org/packages/98/9e/a93d865db0e13483ae1a01d81e2ce16d4a7fe2f9b9fe4aac4cc08590b136/regex-2026.6.28-cp314-cp314-musllinux_1_2_x86_64.whl", hash = "sha256:1e693940a3b9e6d6e4dc2a54ecaa74b74934f77af1ef95f518a74261ef7cc1bc", size = 789373, upload-time = "2026-06-28T19:56:09.894Z" },
    { url = "https://files.pythonhosted.org/packages/82/0c/38b1685ad4017d78efbc8fa7dbbf96d8113b53750c8aa2d3609defd46605/regex-2026.6.28-cp314-cp314-win32.whl", hash = "sha256:234a51e20ebc18ab83b2c0600cf28f2e884560a0e00f743878f0b7d8e7c4cf03", size = 272496, upload-time = "2026-06-28T19:56:11.83Z" },
    { url = "https://files.pythonhosted.org/packages/55/50/e19f261ff9ba9b50722a529e09b1743ecf65eb348be99d0fd2cd7fcede1c/regex-2026.6.28-cp314-cp314-win_amd64.whl", hash = "sha256:7b15c437bc4604f03ceb3f8d37eae2f8930e320e1bc556b259848c639d9eec1a", size = 280754, upload-time = "2026-06-28T19:56:13.758Z" },
    { url = "https://files.pythonhosted.org/packages/36/b8/c9e68f3a9e33be73f20990b2c065b144ff2d0aa242608a950d8c4f3b56e8/regex-2026.6.28-cp314-cp314-win_arm64.whl", hash = "sha256:c6e6f790d01380a74ad564f216c533b86504afb61bf66f2b2e11e7f1a3e287a7", size = 280979, upload-time = "2026-06-28T19:56:15.928Z" },
    { url = "https://files.pythonhosted.org/packages/03/e6/21c425a37880c650d007c4171c6a80325446d830d85f5fbf335e7205b1e7/regex-2026.6.28-cp314-cp314t-macosx_10_13_universal2.whl", hash = "sha256:3527a72adcbe9e3600f1553b497d397c1a371d227580d41d96c3c5964109b65c", size = 494282, upload-time = "2026-06-28T19:56:18.049Z" },
    { url = "https://files.pythonhosted.org/packages/07/50/6647a7ccf5ffff995ba955a0b7d766440f4e58ce1666549c8ee998f2b972/regex-2026.6.28-cp314-cp314t-macosx_10_13_x86_64.whl", hash = "sha256:a644f6408692812f5ead82519eed680e08d5d546fddbd9f7d9514e3c73899aa5", size = 293977, upload-time = "2026-06-28T19:56:20.145Z" },
    { url = "https://files.pythonhosted.org/packages/8c/dc/a3e141a4eaf125e50f63105570c01fa477c06ac5259dcfa95e9b90760e84/regex-2026.6.28-cp314-cp314t-macosx_11_0_arm64.whl", hash = "sha256:8e2fae6bb883648346f84db270dc9aafc29d8e895f62b88a75ccc83b09519820", size = 292432, upload-time = "2026-06-28T19:56:22.345Z" },
    { url = "https://files.pythonhosted.org/packages/35/ee/2ac1a6b9f167f8ff69f5a789938cc103b60cff41b24a6990daced8b88e34/regex-2026.6.28-cp314-cp314t-manylinux2014_aarch64.manylinux_2_17_aarch64.manylinux_2_28_aarch64.whl", hash = "sha256:debe623e09cee97ef9404575e936c610aac9bb08358c5099aaef14644a6871f2", size = 811877, upload-time = "2026-06-28T19:56:25.056Z" },
    { url = "https://files.pythonhosted.org/packages/df/7b/9a5505ee92180bcae300b1018b9ff3d3c19962436e66f2505f255e9fde35/regex-2026.6.28-cp314-cp314t-manylinux2014_ppc64le.manylinux_2_17_ppc64le.manylinux_2_28_ppc64le.whl", hash = "sha256:cc579c91fb4605773483a8d940b136bcc5b854fff44fa14a1572a038f46563f1", size = 871212, upload-time = "2026-06-28T19:56:27.352Z" },
    { url = "https://files.pythonhosted.org/packages/24/4d/d61a702a9f9d1bd29b22cbef1aed6d477baa961232a7eb4d91b7775b0b3e/regex-2026.6.28-cp314-cp314t-manylinux2014_s390x.manylinux_2_17_s390x.manylinux_2_28_s390x.whl", hash = "sha256:e7c42be203d84ecf7d487ff23f8a61ef0eb0534fa0fc317a2fce8c065d20618f", size = 917507, upload-time = "2026-06-28T19:56:29.762Z" },
    { url = "https://files.pythonhosted.org/packages/d4/60/1308066f5966b65fbb6905b99ba37e9f1cd753dd0ac08485f8257334ee92/regex-2026.6.28-cp314-cp314t-manylinux2014_x86_64.manylinux_2_17_x86_64.manylinux_2_28_x86_64.whl", hash = "sha256:e8184b4e2fdaf9cdfe77e38f15a4d9dc149168c9c29eb0ea17c5481d3bb80546", size = 816389, upload-time = "2026-06-28T19:56:32.043Z" },
    { url = "https://files.pythonhosted.org/packages/bd/5c/57ce2cb8d714ee0b7f11c7ee4cfe2af66df2b90f147feadcb538609a3a02/regex-2026.6.28-cp314-cp314t-manylinux_2_31_riscv64.manylinux_2_39_riscv64.whl", hash = "sha256:697f103104f5872d64078d8eeac59979960be8ee76115a2d3f31096312e2a400", size = 785890, upload-time = "2026-06-28T19:56:34.492Z" },
    { url = "https://files.pythonhosted.org/packages/ff/fd/1d5350d3a8a327bff0fccacb911732baf7b5b6f5529c0e3fa602a23e7dad/regex-2026.6.28-cp314-cp314t-musllinux_1_2_aarch64.whl", hash = "sha256:714d2b1aa29beef0ddfcdc72ad0771c05326551a8bb0680b0ddf74bfaad87387", size = 801451, upload-time = "2026-06-28T19:56:36.749Z" },
    { url = "https://files.pythonhosted.org/packages/f3/79/3c9e4f8a0306e030ad5a43bbbc01625fb28d58a813bc52d42fd1cc63fb2e/regex-2026.6.28-cp314-cp314t-musllinux_1_2_ppc64le.whl", hash = "sha256:0f09f62e450cc2f113018cc8412aeea3a120a04e1ca7e801a0d441583f9a3b06", size = 866504, upload-time = "2026-06-28T19:56:38.994Z" },
    { url = "https://files.pythonhosted.org/packages/65/12/f747de475b54f4709efb24dd0fbc8467c64cec91f5db0d047b079646ee78/regex-2026.6.28-cp314-cp314t-musllinux_1_2_riscv64.whl", hash = "sha256:731ea12d5aeb2577eaef2393d6428b995f76eb35f68a89e03e15a97719d1de19", size = 773047, upload-time = "2026-06-28T19:56:41.061Z" },
    { url = "https://files.pythonhosted.org/packages/58/3c/f02f860e0500c1b2d61a79dec7e214b37fb9656281dcddc92397edf96678/regex-2026.6.28-cp314-cp314t-musllinux_1_2_s390x.whl", hash = "sha256:51e952c8783eabd4706d0f63922f219bcfc1bef9b8cb35941c0d1a0396578858", size = 856665, upload-time = "2026-06-28T19:56:43.466Z" },
    { url = "https://files.pythonhosted.org/packages/4d/6c/28b3fa222513484be9dee26b7222bda109056c43ea28aa2314262ca48816/regex-2026.6.28-cp314-cp314t-musllinux_1_2_x86_64.whl", hash = "sha256:43248fe4c0ab8fbb223588a0795b11268940072c97bba30ea8f9b49d8cdfde34", size = 803573, upload-time = "2026-06-28T19:56:45.791Z" },
    { url = "https://files.pythonhosted.org/packages/fa/f0/8f86cf1a1fd85c5ab0c503c9fe4607ad4ad48978b2d8b435d94465e134c7/regex-2026.6.28-cp314-cp314t-win32.whl", hash = "sha256:fc1eddc25ad23c0f1344ab280d961ac595ead48292d7c779497975942373f493", size = 274515, upload-time = "2026-06-28T19:56:47.948Z" },
    { url = "https://files.pythonhosted.org/packages/0f/de/f8613c03b36786ddef2c930d28f9bcae861fcd541cc9203a870956cf1e83/regex-2026.6.28-cp314-cp314t-win_amd64.whl", hash = "sha256:ede8d8e53b6dde0a50f7eca902f0af76d87ab02a55aba7542da68ae3e5dfe83d", size = 283650, upload-time = "2026-06-28T19:56:50.614Z" },
    { url = "https://files.pythonhosted.org/packages/4d/f3/f5ec86839bbabe33b6dee649b62ff9a445d43de6b0ad780cf6b83c56f61e/regex-2026.6.28-cp314-cp314t-win_arm64.whl", hash = "sha256:4da6f6a72f8700b97a1a765e837fb7d5750bfd9f13acea7bae498f573e3a70a8", size = 283338, upload-time = "2026-06-28T19:56:52.879Z" },
]

[[package]]
name = "secret-strength-linter"
version = "0.1.0"
source = { virtual = "." }
dependencies = [
    { name = "python-hcl2" },
    { name = "zxcvbn" },
]

[package.dev-dependencies]
dev = [
    { name = "pytest" },
]

[package.metadata]
requires-dist = [
    { name = "python-hcl2", specifier = ">=8.1.2" },
    { name = "zxcvbn", specifier = ">=4.5.0" },
]

[package.metadata.requires-dev]
dev = [{ name = "pytest", specifier = ">=9.1.1" }]

[[package]]
name = "zxcvbn"
version = "4.5.0"
source = { registry = "https://pypi.org/simple" }
sdist = { url = "https://files.pythonhosted.org/packages/ae/40/9366940b1484fd4e9423c8decbbf34a73bf52badb36281e082fe02b57aca/zxcvbn-4.5.0.tar.gz", hash = "sha256:70392c0fff39459d7f55d0211151401e79e76fcc6e2c22b61add62900359c7c1", size = 411249, upload-time = "2025-02-19T19:03:02.699Z" }
wheels = [
    { url = "https://files.pythonhosted.org/packages/c2/16/7410f8e714a109d43d17f4e27c8eabb351557653a9b570db1bd7dfdfd822/zxcvbn-4.5.0-py2.py3-none-any.whl", hash = "sha256:2b6eed621612ce6d65e6e4c7455b966acee87d0280e257956b1f06ccc66bd5ff", size = 409397, upload-time = "2025-02-19T19:03:00.521Z" },
]
